// !$*UTF8*$!
{
	archiveVersion = 1;
	classes = {
	};
	objectVersion = 50;
	objects = {

/* Begin PBXBuildFile section */
		43AC938026D65DF736587A7A /* Pods_Pinterest_StoryBoard.framework in Frameworks */ = {isa = PBXBuildFile; fileRef = E63DA51F910CDDA7497E78DA /* Pods_Pinterest_StoryBoard.framework */; };
		C1219BEF22EFE4D30009D57F /* AppDelegate.swift in Sources */ = {isa = PBXBuildFile; fileRef = C1219BEE22EFE4D30009D57F /* AppDelegate.swift */; };
		C1219BF122EFE4D30009D57F /* MainViewController.swift in Sources */ = {isa = PBXBuildFile; fileRef = C1219BF022EFE4D30009D57F /* MainViewController.swift */; };
		C1219BF422EFE4D30009D57F /* Main.storyboard in Resources */ = {isa = PBXBuildFile; fileRef = C1219BF222EFE4D30009D57F /* Main.storyboard */; };
		C1219BF622EFE4D40009D57F /* Assets.xcassets in Resources */ = {isa = PBXBuildFile; fileRef = C1219BF522EFE4D40009D57F /* Assets.xcassets */; };
		C1219BF922EFE4D40009D57F /* LaunchScreen.storyboard in Resources */ = {isa = PBXBuildFile; fileRef = C1219BF722EFE4D40009D57F /* LaunchScreen.storyboard */; };
		C1219C0122EFE70B0009D57F /* CustomBaseView.swift in Sources */ = {isa = PBXBuildFile; fileRef = C1219C0022EFE70B0009D57F /* CustomBaseView.swift */; };
		C1219C0522EFF11A0009D57F /* UICollectionViewExtension.swift in Sources */ = {isa = PBXBuildFile; fileRef = C1219C0422EFF11A0009D57F /* UICollectionViewExtension.swift */; };
		C1219C0822EFF4920009D57F /* DetailTransition.swift in Sources */ = {isa = PBXBuildFile; fileRef = C1219C0722EFF4920009D57F /* DetailTransition.swift */; };
		C1219C0A22F00FDD0009D57F /* NSObjectProtocolExtension.swift in Sources */ = {isa = PBXBuildFile; fileRef = C1219C0922F00FDD0009D57F /* NSObjectProtocolExtension.swift */; };
		C1219C0D22F011FF0009D57F /* Food.swift in Sources */ = {isa = PBXBuildFile; fileRef = C1219C0C22F011FF0009D57F /* Food.swift */; };
		C1219C1022F0147E0009D57F /* FoodPresenter.swift in Sources */ = {isa = PBXBuildFile; fileRef = C1219C0F22F0147E0009D57F /* FoodPresenter.swift */; };
		C1219C1322F01E8A0009D57F /* MainCollectionViewCell.swift in Sources */ = {isa = PBXBuildFile; fileRef = C1219C1222F01E8A0009D57F /* MainCollectionViewCell.swift */; };
		C1219C1E22F0220B0009D57F /* MainCollectionViewCell.xib in Resources */ = {isa = PBXBuildFile; fileRef = C1219C1D22F0220B0009D57F /* MainCollectionViewCell.xib */; };
		C1219C2122F041B70009D57F /* Detail.storyboard in Resources */ = {isa = PBXBuildFile; fileRef = C1219C2022F041B70009D57F /* Detail.storyboard */; };
/* End PBXBuildFile section */

/* Begin PBXFileReference section */
		3C0EEF468B5103CC87B1B09B /* Pods-Pinterest_StoryBoard.release.xcconfig */ = {isa = PBXFileReference; includeInIndex = 1; lastKnownFileType = text.xcconfig; name = "Pods-Pinterest_StoryBoard.release.xcconfig"; path = "Pods/Target Support Files/Pods-Pinterest_StoryBoard/Pods-Pinterest_StoryBoard.release.xcconfig"; sourceTree = "<group>"; };
		3C12812945E3C464E7C4D963 /* Pods-Pinterest_StoryBoard.debug.xcconfig */ = {isa = PBXFileReference; includeInIndex = 1; lastKnownFileType = text.xcconfig; name = "Pods-Pinterest_StoryBoard.debug.xcconfig"; path = "Pods/Target Support Files/Pods-Pinterest_StoryBoard/Pods-Pinterest_StoryBoard.debug.xcconfig"; sourceTree = "<group>"; };
		C1219BEB22EFE4D30009D57F /* Pinterest_StoryBoard.app */ = {isa = PBXFileReference; explicitFileType = wrapper.application; includeInIndex = 0; path = Pinterest_StoryBoard.app; sourceTree = BUILT_PRODUCTS_DIR; };
		C1219BEE22EFE4D30009D57F /* AppDelegate.swift */ = {isa = PBXFileReference; lastKnownFileType = sourcecode.swift; path = AppDelegate.swift; sourceTree = "<group>"; };
		C1219BF022EFE4D30009D57F /* MainViewController.swift */ = {isa = PBXFileReference; lastKnownFileType = sourcecode.swift; path = MainViewController.swift; sourceTree = "<group>"; };
		C1219BF322EFE4D30009D57F /* Base */ = {isa = PBXFileReference; lastKnownFileType = file.storyboard; name = Base; path = Base.lproj/Main.storyboard; sourceTree = "<group>"; };
		C1219BF522EFE4D40009D57F /* Assets.xcassets */ = {isa = PBXFileReference; lastKnownFileType = folder.assetcatalog; path = Assets.xcassets; sourceTree = "<group>"; };
		C1219BF822EFE4D40009D57F /* Base */ = {isa = PBXFileReference; lastKnownFileType = file.storyboard; name = Base; path = Base.lproj/LaunchScreen.storyboard; sourceTree = "<group>"; };
		C1219BFA22EFE4D40009D57F /* Info.plist */ = {isa = PBXFileReference; lastKnownFileType = text.plist.xml; path = Info.plist; sourceTree = "<group>"; };
		C1219C0022EFE70B0009D57F /* CustomBaseView.swift */ = {isa = PBXFileReference; lastKnownFileType = sourcecode.swift; path = CustomBaseView.swift; sourceTree = "<group>"; };
		C1219C0422EFF11A0009D57F /* UICollectionViewExtension.swift */ = {isa = PBXFileReference; lastKnownFileType = sourcecode.swift; path = UICollectionViewExtension.swift; sourceTree = "<group>"; };
		C1219C0722EFF4920009D57F /* DetailTransition.swift */ = {isa = PBXFileReference; lastKnownFileType = sourcecode.swift; path = DetailTransition.swift; sourceTree = "<group>"; };
		C1219C0922F00FDD0009D57F /* NSObjectProtocolExtension.swift */ = {isa = PBXFileReference; lastKnownFileType = sourcecode.swift; path = NSObjectProtocolExtension.swift; sourceTree = "<group>"; };
		C1219C0C22F011FF0009D57F /* Food.swift */ = {isa = PBXFileReference; lastKnownFileType = sourcecode.swift; path = Food.swift; sourceTree = "<group>"; };
		C1219C0F22F0147E0009D57F /* FoodPresenter.swift */ = {isa = PBXFileReference; lastKnownFileType = sourcecode.swift; path = FoodPresenter.swift; sourceTree = "<group>"; };
		C1219C1222F01E8A0009D57F /* MainCollectionViewCell.swift */ = {isa = PBXFileReference; lastKnownFileType = sourcecode.swift; path = MainCollectionViewCell.swift; sourceTree = "<group>"; };
		C1219C1D22F0220B0009D57F /* MainCollectionViewCell.xib */ = {isa = PBXFileReference; lastKnownFileType = file.xib; path = MainCollectionViewCell.xib; sourceTree = "<group>"; };
		C1219C2022F041B70009D57F /* Detail.storyboard */ = {isa = PBXFileReference; lastKnownFileType = file.storyboard; path = Detail.storyboard; sourceTree = "<group>"; };
		E63DA51F910CDDA7497E78DA /* Pods_Pinterest_StoryBoard.framework */ = {isa = PBXFileReference; explicitFileType = wrapper.framework; includeInIndex = 0; path = Pods_Pinterest_StoryBoard.framework; sourceTree = BUILT_PRODUCTS_DIR; };
/* End PBXFileReference section */

/* Begin PBXFrameworksBuildPhase section */
		C1219BE822EFE4D30009D57F /* Frameworks */ = {
			isa = PBXFrameworksBuildPhase;
			buildActionMask = 2147483647;
			files = (
				43AC938026D65DF736587A7A /* Pods_Pinterest_StoryBoard.framework in Frameworks */,
			);
			runOnlyForDeploymentPostprocessing = 0;
		};
/* End PBXFrameworksBuildPhase section */

/* Begin PBXGroup section */
		07D79BB7EC01D28C00DD90B0 /* Pods */ = {
			isa = PBXGroup;
			children = (
				3C12812945E3C464E7C4D963 /* Pods-Pinterest_StoryBoard.debug.xcconfig */,
				3C0EEF468B5103CC87B1B09B /* Pods-Pinterest_StoryBoard.release.xcconfig */,
			);
			name = Pods;
			sourceTree = "<group>";
		};
		C1219BE222EFE4D30009D57F = {
			isa = PBXGroup;
			children = (
				C1219BED22EFE4D30009D57F /* Pinterest_StoryBoard */,
				C1219BEC22EFE4D30009D57F /* Products */,
				07D79BB7EC01D28C00DD90B0 /* Pods */,
				FB4DBE91DF6B5BD219E4C428 /* Frameworks */,
			);
			sourceTree = "<group>";
		};
		C1219BEC22EFE4D30009D57F /* Products */ = {
			isa = PBXGroup;
			children = (
				C1219BEB22EFE4D30009D57F /* Pinterest_StoryBoard.app */,
			);
			name = Products;
			sourceTree = "<group>";
		};
		C1219BED22EFE4D30009D57F /* Pinterest_StoryBoard */ = {
			isa = PBXGroup;
			children = (
				C1219C1F22F041830009D57F /* StoryBoard */,
				C1219C1122F01E7D0009D57F /* View */,
				C1219C0E22F0143B0009D57F /* Presenter */,
				C1219C0B22F011E90009D57F /* Model */,
				C1219C0622EFF46F0009D57F /* Module */,
				C1219C0322EFF0DB0009D57F /* Extension */,
				C1219BEE22EFE4D30009D57F /* AppDelegate.swift */,
				C1219BF022EFE4D30009D57F /* MainViewController.swift */,
				C1219BF522EFE4D40009D57F /* Assets.xcassets */,
				C1219BFA22EFE4D40009D57F /* Info.plist */,
				C1219C0022EFE70B0009D57F /* CustomBaseView.swift */,
			);
			path = Pinterest_StoryBoard;
			sourceTree = "<group>";
		};
		C1219C0322EFF0DB0009D57F /* Extension */ = {
			isa = PBXGroup;
			children = (
				C1219C0422EFF11A0009D57F /* UICollectionViewExtension.swift */,
				C1219C0922F00FDD0009D57F /* NSObjectProtocolExtension.swift */,
			);
			path = Extension;
			sourceTree = "<group>";
		};
		C1219C0622EFF46F0009D57F /* Module */ = {
			isa = PBXGroup;
			children = (
				C1219C0722EFF4920009D57F /* DetailTransition.swift */,
			);
			path = Module;
			sourceTree = "<group>";
		};
		C1219C0B22F011E90009D57F /* Model */ = {
			isa = PBXGroup;
			children = (
				C1219C0C22F011FF0009D57F /* Food.swift */,
			);
			path = Model;
			sourceTree = "<group>";
		};
		C1219C0E22F0143B0009D57F /* Presenter */ = {
			isa = PBXGroup;
			children = (
				C1219C0F22F0147E0009D57F /* FoodPresenter.swift */,
			);
			path = Presenter;
			sourceTree = "<group>";
		};
		C1219C1122F01E7D0009D57F /* View */ = {
			isa = PBXGroup;
			children = (
				C1219C1422F01F3B0009D57F /* MainCollectionViewCell */,
			);
			path = View;
			sourceTree = "<group>";
		};
		C1219C1422F01F3B0009D57F /* MainCollectionViewCell */ = {
			isa = PBXGroup;
			children = (
				C1219C1222F01E8A0009D57F /* MainCollectionViewCell.swift */,
				C1219C1D22F0220B0009D57F /* MainCollectionViewCell.xib */,
			);
			path = MainCollectionViewCell;
			sourceTree = "<group>";
		};
		C1219C1F22F041830009D57F /* StoryBoard */ = {
			isa = PBXGroup;
			children = (
				C1219BF222EFE4D30009D57F /* Main.storyboard */,
				C1219BF722EFE4D40009D57F /* LaunchScreen.storyboard */,
				C1219C2022F041B70009D57F /* Detail.storyboard */,
			);
			path = StoryBoard;
			sourceTree = "<group>";
		};
		FB4DBE91DF6B5BD219E4C428 /* Frameworks */ = {
			isa = PBXGroup;
			children = (
				E63DA51F910CDDA7497E78DA /* Pods_Pinterest_StoryBoard.framework */,
			);
			name = Frameworks;
			sourceTree = "<group>";
		};
/* End PBXGroup section */

/* Begin PBXNativeTarget section */
		C1219BEA22EFE4D30009D57F /* Pinterest_StoryBoard */ = {
			isa = PBXNativeTarget;
			buildConfigurationList = C1219BFD22EFE4D40009D57F /* Build configuration list for PBXNativeTarget "Pinterest_StoryBoard" */;
			buildPhases = (
				EADA69F70E24FA2593030E0C /* [CP] Check Pods Manifest.lock */,
				C1219BE722EFE4D30009D57F /* Sources */,
				C1219BE822EFE4D30009D57F /* Frameworks */,
				C1219BE922EFE4D30009D57F /* Resources */,
				758212C33836603B52874065 /* [CP] Embed Pods Frameworks */,
			);
			buildRules = (
			);
			dependencies = (
			);
			name = Pinterest_StoryBoard;
			productName = Pinterest_StoryBoard;
			productReference = C1219BEB22EFE4D30009D57F /* Pinterest_StoryBoard.app */;
			productType = "com.apple.product-type.application";
		};
/* End PBXNativeTarget section */

/* Begin PBXProject section */
		C1219BE322EFE4D30009D57F /* Project object */ = {
			isa = PBXProject;
			attributes = {
				LastSwiftUpdateCheck = 1030;
				LastUpgradeCheck = 1030;
				ORGANIZATIONNAME = "Masahiro Toyooka";
				TargetAttributes = {
					C1219BEA22EFE4D30009D57F = {
						CreatedOnToolsVersion = 10.3;
					};
				};
			};
			buildConfigurationList = C1219BE622EFE4D30009D57F /* Build configuration list for PBXProject "Pinterest_StoryBoard" */;
			compatibilityVersion = "Xcode 9.3";
			developmentRegion = en;
			hasScannedForEncodings = 0;
			knownRegions = (
				en,
				Base,
			);
			mainGroup = C1219BE222EFE4D30009D57F;
			productRefGroup = C1219BEC22EFE4D30009D57F /* Products */;
			projectDirPath = "";
			projectRoot = "";
			targets = (
				C1219BEA22EFE4D30009D57F /* Pinterest_StoryBoard */,
			);
		};
/* End PBXProject section */

/* Begin PBXResourcesBuildPhase section */
		C1219BE922EFE4D30009D57F /* Resources */ = {
			isa = PBXResourcesBuildPhase;
			buildActionMask = 2147483647;
			files = (
				C1219BF922EFE4D40009D57F /* LaunchScreen.storyboard in Resources */,
				C1219BF622EFE4D40009D57F /* Assets.xcassets in Resources */,
				C1219BF422EFE4D30009D57F /* Main.storyboard in Resources */,
				C1219C2122F041B70009D57F /* Detail.storyboard in Resources */,
				C1219C1E22F0220B0009D57F /* MainCollectionViewCell.xib in Resources */,
			);
			runOnlyForDeploymentPostprocessing = 0;
		};
/* End PBXResourcesBuildPhase section */

/* Begin PBXShellScriptBuildPhase section */
		758212C33836603B52874065 /* [CP] Embed Pods Frameworks */ = {
			isa = PBXShellScriptBuildPhase;
			buildActionMask = 2147483647;
			files = (
			);
			inputPaths = (
				"${SRCROOT}/Pods/Target Support Files/Pods-Pinterest_StoryBoard/Pods-Pinterest_StoryBoard-frameworks.sh",
				"${BUILT_PRODUCTS_DIR}/ActiveLabel/ActiveLabel.framework",
				"${BUILT_PRODUCTS_DIR}/Cosmos/Cosmos.framework",
				"${BUILT_PRODUCTS_DIR}/FontAwesome.swift/FontAwesome_swift.framework",
			);
			name = "[CP] Embed Pods Frameworks";
			outputPaths = (
				"${TARGET_BUILD_DIR}/${FRAMEWORKS_FOLDER_PATH}/ActiveLabel.framework",
				"${TARGET_BUILD_DIR}/${FRAMEWORKS_FOLDER_PATH}/Cosmos.framework",
				"${TARGET_BUILD_DIR}/${FRAMEWORKS_FOLDER_PATH}/FontAwesome_swift.framework",
			);
			runOnlyForDeploymentPostprocessing = 0;
			shellPath = /bin/sh;
			shellScript = "\"${SRCROOT}/Pods/Target Support Files/Pods-Pinterest_StoryBoard/Pods-Pinterest_StoryBoard-frameworks.sh\"\n";
			showEnvVarsInLog = 0;
		};
		EADA69F70E24FA2593030E0C /* [CP] Check Pods Manifest.lock */ = {
			isa = PBXShellScriptBuildPhase;
			buildActionMask = 2147483647;
			files = (
			);
			inputPaths = (
				"${PODS_PODFILE_DIR_PATH}/Podfile.lock",
				"${PODS_ROOT}/Manifest.lock",
			);
			name = "[CP] Check Pods Manifest.lock";
			outputPaths = (
				"$(DERIVED_FILE_DIR)/Pods-Pinterest_StoryBoard-checkManifestLockResult.txt",
			);
			runOnlyForDeploymentPostprocessing = 0;
			shellPath = /bin/sh;
			shellScript = "diff \"${PODS_PODFILE_DIR_PATH}/Podfile.lock\" \"${PODS_ROOT}/Manifest.lock\" > /dev/null\nif [ $? != 0 ] ; then\n    # print error to STDERR\n    echo \"error: The sandbox is not in sync with the Podfile.lock. Run 'pod install' or update your CocoaPods installation.\" >&2\n    exit 1\nfi\n# This output is used by Xcode 'outputs' to avoid re-running this script phase.\necho \"SUCCESS\" > \"${SCRIPT_OUTPUT_FILE_0}\"\n";
			showEnvVarsInLog = 0;
		};
/* End PBXShellScriptBuildPhase section */

/* Begin PBXSourcesBuildPhase section */
		C1219BE722EFE4D30009D57F /* Sources */ = {
			isa = PBXSourcesBuildPhase;
			buildActionMask = 2147483647;
			files = (
				C1219C0D22F011FF0009D57F /* Food.swift in Sources */,
				C1219C0522EFF11A0009D57F /* UICollectionViewExtension.swift in Sources */,
				C1219C0822EFF4920009D57F /* DetailTransition.swift in Sources */,
				C1219C0122EFE70B0009D57F /* CustomBaseView.swift in Sources */,
				C1219C0A22F00FDD0009D57F /* NSObjectProtocolExtension.swift in Sources */,
				C1219BF122EFE4D30009D57F /* MainViewController.swift in Sources */,
				C1219C1022F0147E0009D57F /* FoodPresenter.swift in Sources */,
				C1219C1322F01E8A0009D57F /* MainCollectionViewCell.swift in Sources */,
				C1219BEF22EFE4D30009D57F /* AppDelegate.swift in Sources */,
			);
			runOnlyForDeploymentPostprocessing = 0;
		};
/* End PBXSourcesBuildPhase section */

/* Begin PBXVariantGroup section */
		C1219BF222EFE4D30009D57F /* Main.storyboard */ = {
			isa = PBXVariantGroup;
			children = (
				C1219BF322EFE4D30009D57F /* Base */,
			);
			name = Main.storyboard;
			sourceTree = "<group>";
		};
		C1219BF722EFE4D40009D57F /* LaunchScreen.storyboard */ = {
			isa = PBXVariantGroup;
			children = (
				C1219BF822EFE4D40009D57F /* Base */,
			);
			name = LaunchScreen.storyboard;
			sourceTree = "<group>";
		};
/* End PBXVariantGroup section */

/* Begin XCBuildConfiguration section */
		C1219BFB22EFE4D40009D57F /* Debug */ = {
			isa = XCBuildConfiguration;
			buildSettings = {
				ALWAYS_SEARCH_USER_PATHS = NO;
				CLANG_ANALYZER_NONNULL = YES;
				CLANG_ANALYZER_NUMBER_OBJECT_CONVERSION = YES_AGGRESSIVE;
				CLANG_CXX_LANGUAGE_STANDARD = "gnu++14";
				CLANG_CXX_LIBRARY = "libc++";
				CLANG_ENABLE_MODULES = YES;
				CLANG_ENABLE_OBJC_ARC = YES;
				CLANG_ENABLE_OBJC_WEAK = YES;
				CLANG_WARN_BLOCK_CAPTURE_AUTORELEASING = YES;
				CLANG_WARN_BOOL_CONVERSION = YES;
				CLANG_WARN_COMMA = YES;
				CLANG_WARN_CONSTANT_CONVERSION = YES;
				CLANG_WARN_DEPRECATED_OBJC_IMPLEMENTATIONS = YES;
				CLANG_WARN_DIRECT_OBJC_ISA_USAGE = YES_ERROR;
				CLANG_WARN_DOCUMENTATION_COMMENTS = YES;
				CLANG_WARN_EMPTY_BODY = YES;
				CLANG_WARN_ENUM_CONVERSION = YES;
				CLANG_WARN_INFINITE_RECURSION = YES;
				CLANG_WARN_INT_CONVERSION = YES;
				CLANG_WARN_NON_LITERAL_NULL_CONVERSION = YES;
				CLANG_WARN_OBJC_IMPLICIT_RETAIN_SELF = YES;
				CLANG_WARN_OBJC_LITERAL_CONVERSION = YES;
				CLANG_WARN_OBJC_ROOT_CLASS = YES_ERROR;
				CLANG_WARN_RANGE_LOOP_ANALYSIS = YES;
				CLANG_WARN_STRICT_PROTOTYPES = YES;
				CLANG_WARN_SUSPICIOUS_MOVE = YES;
				CLANG_WARN_UNGUARDED_AVAILABILITY = YES_AGGRESSIVE;
				CLANG_WARN_UNREACHABLE_CODE = YES;
				CLANG_WARN__DUPLICATE_METHOD_MATCH = YES;
				CODE_SIGN_IDENTITY = "iPhone Developer";
				COPY_PHASE_STRIP = NO;
				DEBUG_INFORMATION_FORMAT = dwarf;
				ENABLE_STRICT_OBJC_MSGSEND = YES;
				ENABLE_TESTABILITY = YES;
				GCC_C_LANGUAGE_STANDARD = gnu11;
				GCC_DYNAMIC_NO_PIC = NO;
				GCC_NO_COMMON_BLOCKS = YES;
				GCC_OPTIMIZATION_LEVEL = 0;
				GCC_PREPROCESSOR_DEFINITIONS = (
					"DEBUG=1",
					"$(inherited)",
				);
				GCC_WARN_64_TO_32_BIT_CONVERSION = YES;
				GCC_WARN_ABOUT_RETURN_TYPE = YES_ERROR;
				GCC_WARN_UNDECLARED_SELECTOR = YES;
				GCC_WARN_UNINITIALIZED_AUTOS = YES_AGGRESSIVE;
				GCC_WARN_UNUSED_FUNCTION = YES;
				GCC_WARN_UNUSED_VARIABLE = YES;
				IPHONEOS_DEPLOYMENT_TARGET = 12.4;
				MTL_ENABLE_DEBUG_INFO = INCLUDE_SOURCE;
				MTL_FAST_MATH = YES;
				ONLY_ACTIVE_ARCH = YES;
				SDKROOT = iphoneos;
				SWIFT_ACTIVE_COMPILATION_CONDITIONS = DEBUG;
				SWIFT_OPTIMIZATION_LEVEL = "-Onone";
			};
			name = Debug;
		};
		C1219BFC22EFE4D40009D57F /* Release */ = {
			isa = XCBuildConfiguration;
			buildSettings = {
				ALWAYS_SEARCH_USER_PATHS = NO;
				CLANG_ANALYZER_NONNULL = YES;
				CLANG_ANALYZER_NUMBER_OBJECT_CONVERSION = YES_AGGRESSIVE;
				CLANG_CXX_LANGUAGE_STANDARD = "gnu++14";
				CLANG_CXX_LIBRARY = "libc++";
				CLANG_ENABLE_MODULES = YES;
				CLANG_ENABLE_OBJC_ARC = YES;
				CLANG_ENABLE_OBJC_WEAK = YES;
				CLANG_WARN_BLOCK_CAPTURE_AUTORELEASING = YES;
				CLANG_WARN_BOOL_CONVERSION = YES;
				CLANG_WARN_COMMA = YES;
				CLANG_WARN_CONSTANT_CONVERSION = YES;
				CLANG_WARN_DEPRECATED_OBJC_IMPLEMENTATIONS = YES;
				CLANG_WARN_DIRECT_OBJC_ISA_USAGE = YES_ERROR;
				CLANG_WARN_DOCUMENTATION_COMMENTS = YES;
				CLANG_WARN_EMPTY_BODY = YES;
				CLANG_WARN_ENUM_CONVERSION = YES;
				CLANG_WARN_INFINITE_RECURSION = YES;
				CLANG_WARN_INT_CONVERSION = YES;
				CLANG_WARN_NON_LITERAL_NULL_CONVERSION = YES;
				CLANG_WARN_OBJC_IMPLICIT_RETAIN_SELF = YES;
				CLANG_WARN_OBJC_LITERAL_CONVERSION = YES;
				CLANG_WARN_OBJC_ROOT_CLASS = YES_ERROR;
				CLANG_WARN_RANGE_LOOP_ANALYSIS = YES;
				CLANG_WARN_STRICT_PROTOTYPES = YES;
				CLANG_WARN_SUSPICIOUS_MOVE = YES;
				CLANG_WARN_UNGUARDED_AVAILABILITY = YES_AGGRESSIVE;
				CLANG_WARN_UNREACHABLE_CODE = YES;
				CLANG_WARN__DUPLICATE_METHOD_MATCH = YES;
				CODE_SIGN_IDENTITY = "iPhone Developer";
				COPY_PHASE_STRIP = NO;
				DEBUG_INFORMATION_FORMAT = "dwarf-with-dsym";
				ENABLE_NS_ASSERTIONS = NO;
				ENABLE_STRICT_OBJC_MSGSEND = YES;
				GCC_C_LANGUAGE_STANDARD = gnu11;
				GCC_NO_COMMON_BLOCKS = YES;
				GCC_WARN_64_TO_32_BIT_CONVERSION = YES;
				GCC_WARN_ABOUT_RETURN_TYPE = YES_ERROR;
				GCC_WARN_UNDECLARED_SELECTOR = YES;
				GCC_WARN_UNINITIALIZED_AUTOS = YES_AGGRESSIVE;
				GCC_WARN_UNUSED_FUNCTION = YES;
				GCC_WARN_UNUSED_VARIABLE = YES;
				IPHONEOS_DEPLOYMENT_TARGET = 12.4;
				MTL_ENABLE_DEBUG_INFO = NO;
				MTL_FAST_MATH = YES;
				SDKROOT = iphoneos;
				SWIFT_COMPILATION_MODE = wholemodule;
				SWIFT_OPTIMIZATION_LEVEL = "-O";
				VALIDATE_PRODUCT = YES;
			};
			name = Release;
		};
		C1219BFE22EFE4D40009D57F /* Debug */ = {
			isa = XCBuildConfiguration;
			baseConfigurationReference = 3C12812945E3C464E7C4D963 /* Pods-Pinterest_StoryBoard.debug.xcconfig */;
			buildSettings = {
				ASSETCATALOG_COMPILER_APPICON_NAME = AppIcon;
				CODE_SIGN_STYLE = Automatic;
				DEVELOPMENT_TEAM = 77P3HR8235;
				INFOPLIST_FILE = Pinterest_StoryBoard/Info.plist;
				LD_RUNPATH_SEARCH_PATHS = (
					"$(inherited)",
					"@executable_path/Frameworks",
				);
				PRODUCT_BUNDLE_IDENTIFIER = "com.litech.Pinterest-StoryBoard";
				PRODUCT_NAME = "$(TARGET_NAME)";
				SWIFT_VERSION = 5.0;
				TARGETED_DEVICE_FAMILY = "1,2";
			};
			name = Debug;
		};
		C1219BFF22EFE4D40009D57F /* Release */ = {
			isa = XCBuildConfiguration;
			baseConfigurationReference = 3C0EEF468B5103CC87B1B09B /* Pods-Pinterest_StoryBoard.release.xcconfig */;
			buildSettings = {
				ASSETCATALOG_COMPILER_APPICON_NAME = AppIcon;
				CODE_SIGN_STYLE = Automatic;
				DEVELOPMENT_TEAM = 77P3HR8235;
				INFOPLIST_FILE = Pinterest_StoryBoard/Info.plist;
				LD_RUNPATH_SEARCH_PATHS = (
					"$(inherited)",
					"@executable_path/Frameworks",
				);
				PRODUCT_BUNDLE_IDENTIFIER = "com.litech.Pinterest-StoryBoard";
				PRODUCT_NAME = "$(TARGET_NAME)";
				SWIFT_VERSION = 5.0;
				TARGETED_DEVICE_FAMILY = "1,2";
			};
			name = Release;
		};
/* End XCBuildConfiguration section */

/* Begin XCConfigurationList section */
		C1219BE622EFE4D30009D57F /* Build configuration list for PBXProject "Pinterest_StoryBoard" */ = {
			isa = XCConfigurationList;
			buildConfigurations = (
				C1219BFB22EFE4D40009D57F /* Debug */,
				C1219BFC22EFE4D40009D57F /* Release */,
			);
			defaultConfigurationIsVisible = 0;
			defaultConfigurationName = Release;
		};
		C1219BFD22EFE4D40009D57F /* Build configuration list for PBXNativeTarget "Pinterest_StoryBoard" */ = {
			isa = XCConfigurationList;
			buildConfigurations = (
				C1219BFE22EFE4D40009D57F /* Debug */,
				C1219BFF22EFE4D40009D57F /* Release */,
			);
			defaultConfigurationIsVisible = 0;
			defaultConfigurationName = Release;
		};
/* End XCConfigurationList section */
	};
	rootObject = C1219BE322EFE4D30009D57F /* Project object */;
}
